// !$*UTF8*$!
{
	archiveVersion = 1;
	classes = {
	};
	objectVersion = 52;
	objects = {

/* Begin PBXBuildFile section */
		041AF75B24A8759500D15852 /* Moya in Frameworks */ = {isa = PBXBuildFile; productRef = 041AF75A24A8759500D15852 /* Moya */; };
		041AF75D24A8759500D15852 /* RxMoya in Frameworks */ = {isa = PBXBuildFile; productRef = 041AF75C24A8759500D15852 /* RxMoya */; };
		041AF76024A8765E00D15852 /* SnapKit in Frameworks */ = {isa = PBXBuildFile; productRef = 041AF75F24A8765E00D15852 /* SnapKit */; };
		041AF76324A876AB00D15852 /* MBProgressHUD in Frameworks */ = {isa = PBXBuildFile; productRef = 041AF76224A876AB00D15852 /* MBProgressHUD */; };
		041AF76624A8956000D15852 /* Kingfisher in Frameworks */ = {isa = PBXBuildFile; productRef = 041AF76524A8956000D15852 /* Kingfisher */; };
		041AF76924A89A9900D15852 /* SwiftyJSON in Frameworks */ = {isa = PBXBuildFile; productRef = 041AF76824A89A9900D15852 /* SwiftyJSON */; };
		041AF76C24A89C7800D15852 /* URLNavigator in Frameworks */ = {isa = PBXBuildFile; productRef = 041AF76B24A89C7800D15852 /* URLNavigator */; };
		041AF76E24A89C7800D15852 /* URLMatcher in Frameworks */ = {isa = PBXBuildFile; productRef = 041AF76D24A89C7800D15852 /* URLMatcher */; };
		041AF77124A89CD900D15852 /* SwiftyGif in Frameworks */ = {isa = PBXBuildFile; productRef = 041AF77024A89CD900D15852 /* SwiftyGif */; };
		041AF77924A89EC000D15852 /* RxSwift in Frameworks */ = {isa = PBXBuildFile; productRef = 041AF77824A89EC000D15852 /* RxSwift */; };
		041AF77B24A89EC000D15852 /* RxRelay in Frameworks */ = {isa = PBXBuildFile; productRef = 041AF77A24A89EC000D15852 /* RxRelay */; };
		041AF77D24A89EC000D15852 /* RxCocoa in Frameworks */ = {isa = PBXBuildFile; productRef = 041AF77C24A89EC000D15852 /* RxCocoa */; };
		041AF77F24A89EC000D15852 /* RxBlocking in Frameworks */ = {isa = PBXBuildFile; productRef = 041AF77E24A89EC000D15852 /* RxBlocking */; };
		0443C51124A9A7230032C97C /* AppDelegate.swift in Sources */ = {isa = PBXBuildFile; fileRef = 0443C51024A9A7230032C97C /* AppDelegate.swift */; };
		0443C51324A9A7230032C97C /* SceneDelegate.swift in Sources */ = {isa = PBXBuildFile; fileRef = 0443C51224A9A7230032C97C /* SceneDelegate.swift */; };
		0443C51524A9A7230032C97C /* ViewController.swift in Sources */ = {isa = PBXBuildFile; fileRef = 0443C51424A9A7230032C97C /* ViewController.swift */; };
		0443C51824A9A7230032C97C /* Main.storyboard in Resources */ = {isa = PBXBuildFile; fileRef = 0443C51624A9A7230032C97C /* Main.storyboard */; };
		0443C51A24A9A7280032C97C /* Assets.xcassets in Resources */ = {isa = PBXBuildFile; fileRef = 0443C51924A9A7280032C97C /* Assets.xcassets */; };
		0443C51D24A9A7280032C97C /* LaunchScreen.storyboard in Resources */ = {isa = PBXBuildFile; fileRef = 0443C51B24A9A7280032C97C /* LaunchScreen.storyboard */; };
		0443C52324A9A73D0032C97C /* MVVMRExtensions.framework in Frameworks */ = {isa = PBXBuildFile; fileRef = 04E09E5B24A4F0320038AEAB /* MVVMRExtensions.framework */; };
		0443C52424A9A73D0032C97C /* MVVMRExtensions.framework in Embed Frameworks */ = {isa = PBXBuildFile; fileRef = 04E09E5B24A4F0320038AEAB /* MVVMRExtensions.framework */; settings = {ATTRIBUTES = (CodeSignOnCopy, RemoveHeadersOnCopy, ); }; };
		0443C52D24A9A7B80032C97C /* ListerViewController.swift in Sources */ = {isa = PBXBuildFile; fileRef = 0443C52A24A9A7B80032C97C /* ListerViewController.swift */; };
		0443C52E24A9A7B80032C97C /* ListerViewModel.swift in Sources */ = {isa = PBXBuildFile; fileRef = 0443C52B24A9A7B80032C97C /* ListerViewModel.swift */; };
		0443C52F24A9A7B80032C97C /* ListerViewController.storyboard in Resources */ = {isa = PBXBuildFile; fileRef = 0443C52C24A9A7B80032C97C /* ListerViewController.storyboard */; };
		04E09E6024A4F0320038AEAB /* MVVMRExtensions.h in Headers */ = {isa = PBXBuildFile; fileRef = 04E09E5E24A4F0320038AEAB /* MVVMRExtensions.h */; settings = {ATTRIBUTES = (Public, ); }; };
		04E09EA924A4F1790038AEAB /* StoryboardInstantiable.swift in Sources */ = {isa = PBXBuildFile; fileRef = 04E09E8F24A4F1790038AEAB /* StoryboardInstantiable.swift */; };
		04E09EAA24A4F1790038AEAB /* FixInteractiveNavigationController.swift in Sources */ = {isa = PBXBuildFile; fileRef = 04E09E9124A4F1790038AEAB /* FixInteractiveNavigationController.swift */; };
		04E09EAB24A4F1790038AEAB /* UIViewControllerStateble.swift in Sources */ = {isa = PBXBuildFile; fileRef = 04E09E9324A4F1790038AEAB /* UIViewControllerStateble.swift */; };
		04E09EAC24A4F1790038AEAB /* UIViewController+Extensions.swift in Sources */ = {isa = PBXBuildFile; fileRef = 04E09E9624A4F1790038AEAB /* UIViewController+Extensions.swift */; };
		04E09EAD24A4F1790038AEAB /* UIFont+Extensions.swift in Sources */ = {isa = PBXBuildFile; fileRef = 04E09E9824A4F1790038AEAB /* UIFont+Extensions.swift */; };
		04E09EAE24A4F1790038AEAB /* ResponseMapper+Rx.swift in Sources */ = {isa = PBXBuildFile; fileRef = 04E09E9A24A4F1790038AEAB /* ResponseMapper+Rx.swift */; };
		04E09EAF24A4F1790038AEAB /* Moya+Response+Mapper.swift in Sources */ = {isa = PBXBuildFile; fileRef = 04E09E9B24A4F1790038AEAB /* Moya+Response+Mapper.swift */; };
		04E09EB024A4F1790038AEAB /* ServiceSuccessVerificationble.swift in Sources */ = {isa = PBXBuildFile; fileRef = 04E09E9C24A4F1790038AEAB /* ServiceSuccessVerificationble.swift */; };
		04E09EB124A4F1790038AEAB /* UIColor+Extensions.swift in Sources */ = {isa = PBXBuildFile; fileRef = 04E09E9E24A4F1790038AEAB /* UIColor+Extensions.swift */; };
		04E09EB224A4F1790038AEAB /* MBProgressHUD+Extensions.swift in Sources */ = {isa = PBXBuildFile; fileRef = 04E09EA124A4F1790038AEAB /* MBProgressHUD+Extensions.swift */; };
		04E09EB324A4F1790038AEAB /* UIViewController+Reactive+Extensions.swift in Sources */ = {isa = PBXBuildFile; fileRef = 04E09EA324A4F1790038AEAB /* UIViewController+Reactive+Extensions.swift */; };
		04E09EB424A4F1790038AEAB /* URLNavigator+Extensions.swift in Sources */ = {isa = PBXBuildFile; fileRef = 04E09EA524A4F1790038AEAB /* URLNavigator+Extensions.swift */; };
		04E09EB524A4F1790038AEAB /* MVVMRExtensions.swift in Sources */ = {isa = PBXBuildFile; fileRef = 04E09EA624A4F1790038AEAB /* MVVMRExtensions.swift */; };
		04E09EB624A4F1790038AEAB /* ViewModelType.swift in Sources */ = {isa = PBXBuildFile; fileRef = 04E09EA824A4F1790038AEAB /* ViewModelType.swift */; };
/* End PBXBuildFile section */

/* Begin PBXContainerItemProxy section */
		0443C52524A9A73D0032C97C /* PBXContainerItemProxy */ = {
			isa = PBXContainerItemProxy;
			containerPortal = 04E09E5224A4F0320038AEAB /* Project object */;
			proxyType = 1;
			remoteGlobalIDString = 04E09E5A24A4F0320038AEAB;
			remoteInfo = MVVMRExtensions;
		};
/* End PBXContainerItemProxy section */

/* Begin PBXCopyFilesBuildPhase section */
		0443C52724A9A73D0032C97C /* Embed Frameworks */ = {
			isa = PBXCopyFilesBuildPhase;
			buildActionMask = 2147483647;
			dstPath = "";
			dstSubfolderSpec = 10;
			files = (
				0443C52424A9A73D0032C97C /* MVVMRExtensions.framework in Embed Frameworks */,
			);
			name = "Embed Frameworks";
			runOnlyForDeploymentPostprocessing = 0;
		};
/* End PBXCopyFilesBuildPhase section */

/* Begin PBXFileReference section */
		0443C50E24A9A7230032C97C /* Examples.app */ = {isa = PBXFileReference; explicitFileType = wrapper.application; includeInIndex = 0; path = Examples.app; sourceTree = BUILT_PRODUCTS_DIR; };
		0443C51024A9A7230032C97C /* AppDelegate.swift */ = {isa = PBXFileReference; lastKnownFileType = sourcecode.swift; path = AppDelegate.swift; sourceTree = "<group>"; };
		0443C51224A9A7230032C97C /* SceneDelegate.swift */ = {isa = PBXFileReference; lastKnownFileType = sourcecode.swift; path = SceneDelegate.swift; sourceTree = "<group>"; };
		0443C51424A9A7230032C97C /* ViewController.swift */ = {isa = PBXFileReference; lastKnownFileType = sourcecode.swift; path = ViewController.swift; sourceTree = "<group>"; };
		0443C51724A9A7230032C97C /* Base */ = {isa = PBXFileReference; lastKnownFileType = file.storyboard; name = Base; path = Base.lproj/Main.storyboard; sourceTree = "<group>"; };
		0443C51924A9A7280032C97C /* Assets.xcassets */ = {isa = PBXFileReference; lastKnownFileType = folder.assetcatalog; path = Assets.xcassets; sourceTree = "<group>"; };
		0443C51C24A9A7280032C97C /* Base */ = {isa = PBXFileReference; lastKnownFileType = file.storyboard; name = Base; path = Base.lproj/LaunchScreen.storyboard; sourceTree = "<group>"; };
		0443C51E24A9A7280032C97C /* Info.plist */ = {isa = PBXFileReference; lastKnownFileType = text.plist.xml; path = Info.plist; sourceTree = "<group>"; };
		0443C52A24A9A7B80032C97C /* ListerViewController.swift */ = {isa = PBXFileReference; lastKnownFileType = sourcecode.swift; path = ListerViewController.swift; sourceTree = "<group>"; };
		0443C52B24A9A7B80032C97C /* ListerViewModel.swift */ = {isa = PBXFileReference; lastKnownFileType = sourcecode.swift; path = ListerViewModel.swift; sourceTree = "<group>"; };
		0443C52C24A9A7B80032C97C /* ListerViewController.storyboard */ = {isa = PBXFileReference; lastKnownFileType = file.storyboard; path = ListerViewController.storyboard; sourceTree = "<group>"; };
		04E09E5B24A4F0320038AEAB /* MVVMRExtensions.framework */ = {isa = PBXFileReference; explicitFileType = wrapper.framework; includeInIndex = 0; path = MVVMRExtensions.framework; sourceTree = BUILT_PRODUCTS_DIR; };
		04E09E5E24A4F0320038AEAB /* MVVMRExtensions.h */ = {isa = PBXFileReference; lastKnownFileType = sourcecode.c.h; path = MVVMRExtensions.h; sourceTree = "<group>"; };
		04E09E5F24A4F0320038AEAB /* Info.plist */ = {isa = PBXFileReference; lastKnownFileType = text.plist.xml; path = Info.plist; sourceTree = "<group>"; };
		04E09E8F24A4F1790038AEAB /* StoryboardInstantiable.swift */ = {isa = PBXFileReference; fileEncoding = 4; lastKnownFileType = sourcecode.swift; path = StoryboardInstantiable.swift; sourceTree = "<group>"; };
		04E09E9124A4F1790038AEAB /* FixInteractiveNavigationController.swift */ = {isa = PBXFileReference; fileEncoding = 4; lastKnownFileType = sourcecode.swift; path = FixInteractiveNavigationController.swift; sourceTree = "<group>"; };
		04E09E9324A4F1790038AEAB /* UIViewControllerStateble.swift */ = {isa = PBXFileReference; fileEncoding = 4; lastKnownFileType = sourcecode.swift; path = UIViewControllerStateble.swift; sourceTree = "<group>"; };
		04E09E9624A4F1790038AEAB /* UIViewController+Extensions.swift */ = {isa = PBXFileReference; fileEncoding = 4; lastKnownFileType = sourcecode.swift; path = "UIViewController+Extensions.swift"; sourceTree = "<group>"; };
		04E09E9824A4F1790038AEAB /* UIFont+Extensions.swift */ = {isa = PBXFileReference; fileEncoding = 4; lastKnownFileType = sourcecode.swift; path = "UIFont+Extensions.swift"; sourceTree = "<group>"; };
		04E09E9A24A4F1790038AEAB /* ResponseMapper+Rx.swift */ = {isa = PBXFileReference; fileEncoding = 4; lastKnownFileType = sourcecode.swift; path = "ResponseMapper+Rx.swift"; sourceTree = "<group>"; };
		04E09E9B24A4F1790038AEAB /* Moya+Response+Mapper.swift */ = {isa = PBXFileReference; fileEncoding = 4; lastKnownFileType = sourcecode.swift; path = "Moya+Response+Mapper.swift"; sourceTree = "<group>"; };
		04E09E9C24A4F1790038AEAB /* ServiceSuccessVerificationble.swift */ = {isa = PBXFileReference; fileEncoding = 4; lastKnownFileType = sourcecode.swift; path = ServiceSuccessVerificationble.swift; sourceTree = "<group>"; };
		04E09E9E24A4F1790038AEAB /* UIColor+Extensions.swift */ = {isa = PBXFileReference; fileEncoding = 4; lastKnownFileType = sourcecode.swift; path = "UIColor+Extensions.swift"; sourceTree = "<group>"; };
		04E09EA124A4F1790038AEAB /* MBProgressHUD+Extensions.swift */ = {isa = PBXFileReference; fileEncoding = 4; lastKnownFileType = sourcecode.swift; path = "MBProgressHUD+Extensions.swift"; sourceTree = "<group>"; };
		04E09EA324A4F1790038AEAB /* UIViewController+Reactive+Extensions.swift */ = {isa = PBXFileReference; fileEncoding = 4; lastKnownFileType = sourcecode.swift; path = "UIViewController+Reactive+Extensions.swift"; sourceTree = "<group>"; };
		04E09EA524A4F1790038AEAB /* URLNavigator+Extensions.swift */ = {isa = PBXFileReference; fileEncoding = 4; lastKnownFileType = sourcecode.swift; path = "URLNavigator+Extensions.swift"; sourceTree = "<group>"; };
		04E09EA624A4F1790038AEAB /* MVVMRExtensions.swift */ = {isa = PBXFileReference; fileEncoding = 4; lastKnownFileType = sourcecode.swift; path = MVVMRExtensions.swift; sourceTree = "<group>"; };
		04E09EA824A4F1790038AEAB /* ViewModelType.swift */ = {isa = PBXFileReference; fileEncoding = 4; lastKnownFileType = sourcecode.swift; path = ViewModelType.swift; sourceTree = "<group>"; };
/* End PBXFileReference section */

/* Begin PBXFrameworksBuildPhase section */
		0443C50B24A9A7230032C97C /* Frameworks */ = {
			isa = PBXFrameworksBuildPhase;
			buildActionMask = 2147483647;
			files = (
				0443C52324A9A73D0032C97C /* MVVMRExtensions.framework in Frameworks */,
			);
			runOnlyForDeploymentPostprocessing = 0;
		};
		04E09E5824A4F0320038AEAB /* Frameworks */ = {
			isa = PBXFrameworksBuildPhase;
			buildActionMask = 2147483647;
			files = (
				041AF76924A89A9900D15852 /* SwiftyJSON in Frameworks */,
				041AF76E24A89C7800D15852 /* URLMatcher in Frameworks */,
				041AF77924A89EC000D15852 /* RxSwift in Frameworks */,
				041AF76024A8765E00D15852 /* SnapKit in Frameworks */,
				041AF75D24A8759500D15852 /* RxMoya in Frameworks */,
				041AF77F24A89EC000D15852 /* RxBlocking in Frameworks */,
				041AF76C24A89C7800D15852 /* URLNavigator in Frameworks */,
				041AF77D24A89EC000D15852 /* RxCocoa in Frameworks */,
				041AF76324A876AB00D15852 /* MBProgressHUD in Frameworks */,
				041AF75B24A8759500D15852 /* Moya in Frameworks */,
				041AF76624A8956000D15852 /* Kingfisher in Frameworks */,
				041AF77124A89CD900D15852 /* SwiftyGif in Frameworks */,
				041AF77B24A89EC000D15852 /* RxRelay in Frameworks */,
			);
			runOnlyForDeploymentPostprocessing = 0;
		};
/* End PBXFrameworksBuildPhase section */

/* Begin PBXGroup section */
		0443C50F24A9A7230032C97C /* Examples */ = {
			isa = PBXGroup;
			children = (
				0443C51024A9A7230032C97C /* AppDelegate.swift */,
				0443C51224A9A7230032C97C /* SceneDelegate.swift */,
				0443C51424A9A7230032C97C /* ViewController.swift */,
				0443C51624A9A7230032C97C /* Main.storyboard */,
				0443C51924A9A7280032C97C /* Assets.xcassets */,
				0443C51B24A9A7280032C97C /* LaunchScreen.storyboard */,
				0443C51E24A9A7280032C97C /* Info.plist */,
				0443C52A24A9A7B80032C97C /* ListerViewController.swift */,
				0443C52B24A9A7B80032C97C /* ListerViewModel.swift */,
				0443C52C24A9A7B80032C97C /* ListerViewController.storyboard */,
			);
			path = Examples;
			sourceTree = "<group>";
		};
		0443C52224A9A73D0032C97C /* Frameworks */ = {
			isa = PBXGroup;
			children = (
			);
			name = Frameworks;
			sourceTree = "<group>";
		};
		04E09E5124A4F0320038AEAB = {
			isa = PBXGroup;
			children = (
				04E09E5D24A4F0320038AEAB /* MVVMRExtensions */,
				0443C50F24A9A7230032C97C /* Examples */,
				04E09E5C24A4F0320038AEAB /* Products */,
				0443C52224A9A73D0032C97C /* Frameworks */,
			);
			sourceTree = "<group>";
		};
		04E09E5C24A4F0320038AEAB /* Products */ = {
			isa = PBXGroup;
			children = (
				04E09E5B24A4F0320038AEAB /* MVVMRExtensions.framework */,
				0443C50E24A9A7230032C97C /* Examples.app */,
			);
			name = Products;
			sourceTree = "<group>";
		};
		04E09E5D24A4F0320038AEAB /* MVVMRExtensions */ = {
			isa = PBXGroup;
			children = (
				04E09E8D24A4F1790038AEAB /* Sources */,
				04E09EA624A4F1790038AEAB /* MVVMRExtensions.swift */,
				04E09E5E24A4F0320038AEAB /* MVVMRExtensions.h */,
				04E09E5F24A4F0320038AEAB /* Info.plist */,
			);
			path = MVVMRExtensions;
			sourceTree = "<group>";
		};
		04E09E8D24A4F1790038AEAB /* Sources */ = {
			isa = PBXGroup;
			children = (
				04E09E8E24A4F1790038AEAB /* StoryboardInstantiable */,
				04E09E9024A4F1790038AEAB /* FixInteractiveNavigationController */,
				04E09E9224A4F1790038AEAB /* UIViewControllerStateble */,
				04E09E9424A4F1790038AEAB /* Extensions */,
				04E09EA724A4F1790038AEAB /* MVVMProtocol */,
			);
			path = Sources;
			sourceTree = SOURCE_ROOT;
		};
		04E09E8E24A4F1790038AEAB /* StoryboardInstantiable */ = {
			isa = PBXGroup;
			children = (
				04E09E8F24A4F1790038AEAB /* StoryboardInstantiable.swift */,
			);
			path = StoryboardInstantiable;
			sourceTree = "<group>";
		};
		04E09E9024A4F1790038AEAB /* FixInteractiveNavigationController */ = {
			isa = PBXGroup;
			children = (
				04E09E9124A4F1790038AEAB /* FixInteractiveNavigationController.swift */,
			);
			path = FixInteractiveNavigationController;
			sourceTree = "<group>";
		};
		04E09E9224A4F1790038AEAB /* UIViewControllerStateble */ = {
			isa = PBXGroup;
			children = (
				04E09E9324A4F1790038AEAB /* UIViewControllerStateble.swift */,
			);
			path = UIViewControllerStateble;
			sourceTree = "<group>";
		};
		04E09E9424A4F1790038AEAB /* Extensions */ = {
			isa = PBXGroup;
			children = (
				04E09E9524A4F1790038AEAB /* UIViewController+Extensions */,
				04E09E9724A4F1790038AEAB /* UIFont+Extensions */,
				04E09E9924A4F1790038AEAB /* Moya+Response+Mapper+Rx */,
				04E09E9D24A4F1790038AEAB /* UIColor+Extensions */,
				04E09E9F24A4F1790038AEAB /* UINavigationController+Extensions */,
				04E09EA024A4F1790038AEAB /* MBProgressHUD+Extensions */,
				04E09EA224A4F1790038AEAB /* UIViewController+Reactive+Extensions */,
				04E09EA424A4F1790038AEAB /* URLNavigator+Extensions */,
			);
			path = Extensions;
			sourceTree = "<group>";
		};
		04E09E9524A4F1790038AEAB /* UIViewController+Extensions */ = {
			isa = PBXGroup;
			children = (
				04E09E9624A4F1790038AEAB /* UIViewController+Extensions.swift */,
			);
			path = "UIViewController+Extensions";
			sourceTree = "<group>";
		};
		04E09E9724A4F1790038AEAB /* UIFont+Extensions */ = {
			isa = PBXGroup;
			children = (
				04E09E9824A4F1790038AEAB /* UIFont+Extensions.swift */,
			);
			path = "UIFont+Extensions";
			sourceTree = "<group>";
		};
		04E09E9924A4F1790038AEAB /* Moya+Response+Mapper+Rx */ = {
			isa = PBXGroup;
			children = (
				04E09E9A24A4F1790038AEAB /* ResponseMapper+Rx.swift */,
				04E09E9B24A4F1790038AEAB /* Moya+Response+Mapper.swift */,
				04E09E9C24A4F1790038AEAB /* ServiceSuccessVerificationble.swift */,
			);
			path = "Moya+Response+Mapper+Rx";
			sourceTree = "<group>";
		};
		04E09E9D24A4F1790038AEAB /* UIColor+Extensions */ = {
			isa = PBXGroup;
			children = (
				04E09E9E24A4F1790038AEAB /* UIColor+Extensions.swift */,
			);
			path = "UIColor+Extensions";
			sourceTree = "<group>";
		};
		04E09E9F24A4F1790038AEAB /* UINavigationController+Extensions */ = {
			isa = PBXGroup;
			children = (
			);
			path = "UINavigationController+Extensions";
			sourceTree = "<group>";
		};
		04E09EA024A4F1790038AEAB /* MBProgressHUD+Extensions */ = {
			isa = PBXGroup;
			children = (
				04E09EA124A4F1790038AEAB /* MBProgressHUD+Extensions.swift */,
			);
			path = "MBProgressHUD+Extensions";
			sourceTree = "<group>";
		};
		04E09EA224A4F1790038AEAB /* UIViewController+Reactive+Extensions */ = {
			isa = PBXGroup;
			children = (
				04E09EA324A4F1790038AEAB /* UIViewController+Reactive+Extensions.swift */,
			);
			path = "UIViewController+Reactive+Extensions";
			sourceTree = "<group>";
		};
		04E09EA424A4F1790038AEAB /* URLNavigator+Extensions */ = {
			isa = PBXGroup;
			children = (
				04E09EA524A4F1790038AEAB /* URLNavigator+Extensions.swift */,
			);
			path = "URLNavigator+Extensions";
			sourceTree = "<group>";
		};
		04E09EA724A4F1790038AEAB /* MVVMProtocol */ = {
			isa = PBXGroup;
			children = (
				04E09EA824A4F1790038AEAB /* ViewModelType.swift */,
			);
			path = MVVMProtocol;
			sourceTree = "<group>";
		};
/* End PBXGroup section */

/* Begin PBXHeadersBuildPhase section */
		04E09E5624A4F0320038AEAB /* Headers */ = {
			isa = PBXHeadersBuildPhase;
			buildActionMask = 2147483647;
			files = (
				04E09E6024A4F0320038AEAB /* MVVMRExtensions.h in Headers */,
			);
			runOnlyForDeploymentPostprocessing = 0;
		};
/* End PBXHeadersBuildPhase section */

/* Begin PBXNativeTarget section */
		0443C50D24A9A7230032C97C /* Examples */ = {
			isa = PBXNativeTarget;
			buildConfigurationList = 0443C51F24A9A7280032C97C /* Build configuration list for PBXNativeTarget "Examples" */;
			buildPhases = (
				0443C50A24A9A7230032C97C /* Sources */,
				0443C50B24A9A7230032C97C /* Frameworks */,
				0443C50C24A9A7230032C97C /* Resources */,
				0443C52724A9A73D0032C97C /* Embed Frameworks */,
			);
			buildRules = (
			);
			dependencies = (
				0443C52624A9A73D0032C97C /* PBXTargetDependency */,
			);
			name = Examples;
			productName = Examples;
			productReference = 0443C50E24A9A7230032C97C /* Examples.app */;
			productType = "com.apple.product-type.application";
		};
		04E09E5A24A4F0320038AEAB /* MVVMRExtensions */ = {
			isa = PBXNativeTarget;
			buildConfigurationList = 04E09E6324A4F0320038AEAB /* Build configuration list for PBXNativeTarget "MVVMRExtensions" */;
			buildPhases = (
				04E09E5624A4F0320038AEAB /* Headers */,
				04E09E5724A4F0320038AEAB /* Sources */,
				04E09E5824A4F0320038AEAB /* Frameworks */,
				04E09E5924A4F0320038AEAB /* Resources */,
			);
			buildRules = (
			);
			dependencies = (
			);
			name = MVVMRExtensions;
			packageProductDependencies = (
				041AF75A24A8759500D15852 /* Moya */,
				041AF75C24A8759500D15852 /* RxMoya */,
				041AF75F24A8765E00D15852 /* SnapKit */,
				041AF76224A876AB00D15852 /* MBProgressHUD */,
				041AF76524A8956000D15852 /* Kingfisher */,
				041AF76824A89A9900D15852 /* SwiftyJSON */,
				041AF76B24A89C7800D15852 /* URLNavigator */,
				041AF76D24A89C7800D15852 /* URLMatcher */,
				041AF77024A89CD900D15852 /* SwiftyGif */,
				041AF77824A89EC000D15852 /* RxSwift */,
				041AF77A24A89EC000D15852 /* RxRelay */,
				041AF77C24A89EC000D15852 /* RxCocoa */,
				041AF77E24A89EC000D15852 /* RxBlocking */,
			);
			productName = MVVMRExtensions;
			productReference = 04E09E5B24A4F0320038AEAB /* MVVMRExtensions.framework */;
			productType = "com.apple.product-type.framework";
		};
/* End PBXNativeTarget section */

/* Begin PBXProject section */
		04E09E5224A4F0320038AEAB /* Project object */ = {
			isa = PBXProject;
			attributes = {
				LastSwiftUpdateCheck = 1150;
				LastUpgradeCheck = 1150;
				ORGANIZATIONNAME = Hy;
				TargetAttributes = {
					0443C50D24A9A7230032C97C = {
						CreatedOnToolsVersion = 11.5;
					};
					04E09E5A24A4F0320038AEAB = {
						CreatedOnToolsVersion = 11.5;
					};
				};
			};
			buildConfigurationList = 04E09E5524A4F0320038AEAB /* Build configuration list for PBXProject "MVVMRExtensions" */;
			compatibilityVersion = "Xcode 9.3";
			developmentRegion = en;
			hasScannedForEncodings = 0;
			knownRegions = (
				en,
				Base,
			);
			mainGroup = 04E09E5124A4F0320038AEAB;
			packageReferences = (
				041AF75924A8759500D15852 /* XCRemoteSwiftPackageReference "Moya" */,
				041AF75E24A8765E00D15852 /* XCRemoteSwiftPackageReference "SnapKit" */,
				041AF76124A876AB00D15852 /* XCRemoteSwiftPackageReference "MBProgressHUD" */,
				041AF76424A8956000D15852 /* XCRemoteSwiftPackageReference "Kingfisher" */,
				041AF76724A89A9900D15852 /* XCRemoteSwiftPackageReference "SwiftyJSON" */,
				041AF76A24A89C7800D15852 /* XCRemoteSwiftPackageReference "URLNavigator" */,
				041AF76F24A89CD900D15852 /* XCRemoteSwiftPackageReference "SwiftyGif" */,
				041AF77724A89EC000D15852 /* XCRemoteSwiftPackageReference "RxSwift" */,
			);
			productRefGroup = 04E09E5C24A4F0320038AEAB /* Products */;
			projectDirPath = "";
			projectRoot = "";
			targets = (
				04E09E5A24A4F0320038AEAB /* MVVMRExtensions */,
				0443C50D24A9A7230032C97C /* Examples */,
			);
		};
/* End PBXProject section */

/* Begin PBXResourcesBuildPhase section */
		0443C50C24A9A7230032C97C /* Resources */ = {
			isa = PBXResourcesBuildPhase;
			buildActionMask = 2147483647;
			files = (
				0443C52F24A9A7B80032C97C /* ListerViewController.storyboard in Resources */,
				0443C51D24A9A7280032C97C /* LaunchScreen.storyboard in Resources */,
				0443C51A24A9A7280032C97C /* Assets.xcassets in Resources */,
				0443C51824A9A7230032C97C /* Main.storyboard in Resources */,
			);
			runOnlyForDeploymentPostprocessing = 0;
		};
		04E09E5924A4F0320038AEAB /* Resources */ = {
			isa = PBXResourcesBuildPhase;
			buildActionMask = 2147483647;
			files = (
			);
			runOnlyForDeploymentPostprocessing = 0;
		};
/* End PBXResourcesBuildPhase section */

/* Begin PBXSourcesBuildPhase section */
		0443C50A24A9A7230032C97C /* Sources */ = {
			isa = PBXSourcesBuildPhase;
			buildActionMask = 2147483647;
			files = (
				0443C51524A9A7230032C97C /* ViewController.swift in Sources */,
				0443C51124A9A7230032C97C /* AppDelegate.swift in Sources */,
				0443C52E24A9A7B80032C97C /* ListerViewModel.swift in Sources */,
				0443C51324A9A7230032C97C /* SceneDelegate.swift in Sources */,
				0443C52D24A9A7B80032C97C /* ListerViewController.swift in Sources */,
			);
			runOnlyForDeploymentPostprocessing = 0;
		};
		04E09E5724A4F0320038AEAB /* Sources */ = {
			isa = PBXSourcesBuildPhase;
			buildActionMask = 2147483647;
			files = (
				04E09EAC24A4F1790038AEAB /* UIViewController+Extensions.swift in Sources */,
				04E09EB424A4F1790038AEAB /* URLNavigator+Extensions.swift in Sources */,
				04E09EAB24A4F1790038AEAB /* UIViewControllerStateble.swift in Sources */,
				04E09EAA24A4F1790038AEAB /* FixInteractiveNavigationController.swift in Sources */,
				04E09EB224A4F1790038AEAB /* MBProgressHUD+Extensions.swift in Sources */,
				04E09EAD24A4F1790038AEAB /* UIFont+Extensions.swift in Sources */,
				04E09EB624A4F1790038AEAB /* ViewModelType.swift in Sources */,
				04E09EB524A4F1790038AEAB /* MVVMRExtensions.swift in Sources */,
				04E09EA924A4F1790038AEAB /* StoryboardInstantiable.swift in Sources */,
				04E09EB324A4F1790038AEAB /* UIViewController+Reactive+Extensions.swift in Sources */,
				04E09EAF24A4F1790038AEAB /* Moya+Response+Mapper.swift in Sources */,
				04E09EB024A4F1790038AEAB /* ServiceSuccessVerificationble.swift in Sources */,
				04E09EB124A4F1790038AEAB /* UIColor+Extensions.swift in Sources */,
				04E09EAE24A4F1790038AEAB /* ResponseMapper+Rx.swift in Sources */,
			);
			runOnlyForDeploymentPostprocessing = 0;
		};
/* End PBXSourcesBuildPhase section */

/* Begin PBXTargetDependency section */
		0443C52624A9A73D0032C97C /* PBXTargetDependency */ = {
			isa = PBXTargetDependency;
			target = 04E09E5A24A4F0320038AEAB /* MVVMRExtensions */;
			targetProxy = 0443C52524A9A73D0032C97C /* PBXContainerItemProxy */;
		};
/* End PBXTargetDependency section */

/* Begin PBXVariantGroup section */
		0443C51624A9A7230032C97C /* Main.storyboard */ = {
			isa = PBXVariantGroup;
			children = (
				0443C51724A9A7230032C97C /* Base */,
			);
			name = Main.storyboard;
			sourceTree = "<group>";
		};
		0443C51B24A9A7280032C97C /* LaunchScreen.storyboard */ = {
			isa = PBXVariantGroup;
			children = (
				0443C51C24A9A7280032C97C /* Base */,
			);
			name = LaunchScreen.storyboard;
			sourceTree = "<group>";
		};
/* End PBXVariantGroup section */

/* Begin XCBuildConfiguration section */
		0443C52024A9A7280032C97C /* Debug */ = {
			isa = XCBuildConfiguration;
			buildSettings = {
				ASSETCATALOG_COMPILER_APPICON_NAME = AppIcon;
				CODE_SIGN_STYLE = Automatic;
				DEVELOPMENT_TEAM = YNJLN87BST;
				INFOPLIST_FILE = Examples/Info.plist;
				LD_RUNPATH_SEARCH_PATHS = (
					"$(inherited)",
					"@executable_path/Frameworks",
				);
				PRODUCT_BUNDLE_IDENTIFIER = wwdc14.Examples;
				PRODUCT_NAME = "$(TARGET_NAME)";
				SWIFT_VERSION = 5.0;
				TARGETED_DEVICE_FAMILY = "1,2";
			};
			name = Debug;
		};
		0443C52124A9A7280032C97C /* Release */ = {
			isa = XCBuildConfiguration;
			buildSettings = {
				ASSETCATALOG_COMPILER_APPICON_NAME = AppIcon;
				CODE_SIGN_STYLE = Automatic;
				DEVELOPMENT_TEAM = YNJLN87BST;
				INFOPLIST_FILE = Examples/Info.plist;
				LD_RUNPATH_SEARCH_PATHS = (
					"$(inherited)",
					"@executable_path/Frameworks",
				);
				PRODUCT_BUNDLE_IDENTIFIER = wwdc14.Examples;
				PRODUCT_NAME = "$(TARGET_NAME)";
				SWIFT_VERSION = 5.0;
				TARGETED_DEVICE_FAMILY = "1,2";
			};
			name = Release;
		};
		04E09E6124A4F0320038AEAB /* Debug */ = {
			isa = XCBuildConfiguration;
			buildSettings = {
				ALWAYS_SEARCH_USER_PATHS = NO;
				CLANG_ANALYZER_NONNULL = YES;
				CLANG_ANALYZER_NUMBER_OBJECT_CONVERSION = YES_AGGRESSIVE;
				CLANG_CXX_LANGUAGE_STANDARD = "gnu++14";
				CLANG_CXX_LIBRARY = "libc++";
				CLANG_ENABLE_MODULES = YES;
				CLANG_ENABLE_OBJC_ARC = YES;
				CLANG_ENABLE_OBJC_WEAK = YES;
				CLANG_WARN_BLOCK_CAPTURE_AUTORELEASING = YES;
				CLANG_WARN_BOOL_CONVERSION = YES;
				CLANG_WARN_COMMA = YES;
				CLANG_WARN_CONSTANT_CONVERSION = YES;
				CLANG_WARN_DEPRECATED_OBJC_IMPLEMENTATIONS = YES;
				CLANG_WARN_DIRECT_OBJC_ISA_USAGE = YES_ERROR;
				CLANG_WARN_DOCUMENTATION_COMMENTS = YES;
				CLANG_WARN_EMPTY_BODY = YES;
				CLANG_WARN_ENUM_CONVERSION = YES;
				CLANG_WARN_INFINITE_RECURSION = YES;
				CLANG_WARN_INT_CONVERSION = YES;
				CLANG_WARN_NON_LITERAL_NULL_CONVERSION = YES;
				CLANG_WARN_OBJC_IMPLICIT_RETAIN_SELF = YES;
				CLANG_WARN_OBJC_LITERAL_CONVERSION = YES;
				CLANG_WARN_OBJC_ROOT_CLASS = YES_ERROR;
				CLANG_WARN_RANGE_LOOP_ANALYSIS = YES;
				CLANG_WARN_STRICT_PROTOTYPES = YES;
				CLANG_WARN_SUSPICIOUS_MOVE = YES;
				CLANG_WARN_UNGUARDED_AVAILABILITY = YES_AGGRESSIVE;
				CLANG_WARN_UNREACHABLE_CODE = YES;
				CLANG_WARN__DUPLICATE_METHOD_MATCH = YES;
				COPY_PHASE_STRIP = NO;
				CURRENT_PROJECT_VERSION = 1;
				DEBUG_INFORMATION_FORMAT = dwarf;
				ENABLE_STRICT_OBJC_MSGSEND = YES;
				ENABLE_TESTABILITY = YES;
				GCC_C_LANGUAGE_STANDARD = gnu11;
				GCC_DYNAMIC_NO_PIC = NO;
				GCC_NO_COMMON_BLOCKS = YES;
				GCC_OPTIMIZATION_LEVEL = 0;
				GCC_PREPROCESSOR_DEFINITIONS = (
					"DEBUG=1",
					"$(inherited)",
				);
				GCC_WARN_64_TO_32_BIT_CONVERSION = YES;
				GCC_WARN_ABOUT_RETURN_TYPE = YES_ERROR;
				GCC_WARN_UNDECLARED_SELECTOR = YES;
				GCC_WARN_UNINITIALIZED_AUTOS = YES_AGGRESSIVE;
				GCC_WARN_UNUSED_FUNCTION = YES;
				GCC_WARN_UNUSED_VARIABLE = YES;
				IPHONEOS_DEPLOYMENT_TARGET = 13.5;
				MTL_ENABLE_DEBUG_INFO = INCLUDE_SOURCE;
				MTL_FAST_MATH = YES;
				ONLY_ACTIVE_ARCH = YES;
				SDKROOT = iphoneos;
				SWIFT_ACTIVE_COMPILATION_CONDITIONS = DEBUG;
				SWIFT_OPTIMIZATION_LEVEL = "-Onone";
				VERSIONING_SYSTEM = "apple-generic";
				VERSION_INFO_PREFIX = "";
			};
			name = Debug;
		};
		04E09E6224A4F0320038AEAB /* Release */ = {
			isa = XCBuildConfiguration;
			buildSettings = {
				ALWAYS_SEARCH_USER_PATHS = NO;
				CLANG_ANALYZER_NONNULL = YES;
				CLANG_ANALYZER_NUMBER_OBJECT_CONVERSION = YES_AGGRESSIVE;
				CLANG_CXX_LANGUAGE_STANDARD = "gnu++14";
				CLANG_CXX_LIBRARY = "libc++";
				CLANG_ENABLE_MODULES = YES;
				CLANG_ENABLE_OBJC_ARC = YES;
				CLANG_ENABLE_OBJC_WEAK = YES;
				CLANG_WARN_BLOCK_CAPTURE_AUTORELEASING = YES;
				CLANG_WARN_BOOL_CONVERSION = YES;
				CLANG_WARN_COMMA = YES;
				CLANG_WARN_CONSTANT_CONVERSION = YES;
				CLANG_WARN_DEPRECATED_OBJC_IMPLEMENTATIONS = YES;
				CLANG_WARN_DIRECT_OBJC_ISA_USAGE = YES_ERROR;
				CLANG_WARN_DOCUMENTATION_COMMENTS = YES;
				CLANG_WARN_EMPTY_BODY = YES;
				CLANG_WARN_ENUM_CONVERSION = YES;
				CLANG_WARN_INFINITE_RECURSION = YES;
				CLANG_WARN_INT_CONVERSION = YES;
				CLANG_WARN_NON_LITERAL_NULL_CONVERSION = YES;
				CLANG_WARN_OBJC_IMPLICIT_RETAIN_SELF = YES;
				CLANG_WARN_OBJC_LITERAL_CONVERSION = YES;
				CLANG_WARN_OBJC_ROOT_CLASS = YES_ERROR;
				CLANG_WARN_RANGE_LOOP_ANALYSIS = YES;
				CLANG_WARN_STRICT_PROTOTYPES = YES;
				CLANG_WARN_SUSPICIOUS_MOVE = YES;
				CLANG_WARN_UNGUARDED_AVAILABILITY = YES_AGGRESSIVE;
				CLANG_WARN_UNREACHABLE_CODE = YES;
				CLANG_WARN__DUPLICATE_METHOD_MATCH = YES;
				COPY_PHASE_STRIP = NO;
				CURRENT_PROJECT_VERSION = 1;
				DEBUG_INFORMATION_FORMAT = "dwarf-with-dsym";
				ENABLE_NS_ASSERTIONS = NO;
				ENABLE_STRICT_OBJC_MSGSEND = YES;
				GCC_C_LANGUAGE_STANDARD = gnu11;
				GCC_NO_COMMON_BLOCKS = YES;
				GCC_WARN_64_TO_32_BIT_CONVERSION = YES;
				GCC_WARN_ABOUT_RETURN_TYPE = YES_ERROR;
				GCC_WARN_UNDECLARED_SELECTOR = YES;
				GCC_WARN_UNINITIALIZED_AUTOS = YES_AGGRESSIVE;
				GCC_WARN_UNUSED_FUNCTION = YES;
				GCC_WARN_UNUSED_VARIABLE = YES;
				IPHONEOS_DEPLOYMENT_TARGET = 13.5;
				MTL_ENABLE_DEBUG_INFO = NO;
				MTL_FAST_MATH = YES;
				SDKROOT = iphoneos;
				SWIFT_COMPILATION_MODE = wholemodule;
				SWIFT_OPTIMIZATION_LEVEL = "-O";
				VALIDATE_PRODUCT = YES;
				VERSIONING_SYSTEM = "apple-generic";
				VERSION_INFO_PREFIX = "";
			};
			name = Release;
		};
		04E09E6424A4F0320038AEAB /* Debug */ = {
			isa = XCBuildConfiguration;
			buildSettings = {
				CODE_SIGN_STYLE = Automatic;
				DEFINES_MODULE = YES;
				DEVELOPMENT_TEAM = YNJLN87BST;
				DYLIB_COMPATIBILITY_VERSION = 1;
				DYLIB_CURRENT_VERSION = 1;
				DYLIB_INSTALL_NAME_BASE = "@rpath";
				INFOPLIST_FILE = MVVMRExtensions/Info.plist;
				INSTALL_PATH = "$(LOCAL_LIBRARY_DIR)/Frameworks";
				IPHONEOS_DEPLOYMENT_TARGET = 11.0;
				LD_RUNPATH_SEARCH_PATHS = (
					"$(inherited)",
					"@executable_path/Frameworks",
					"@loader_path/Frameworks",
				);
				PRODUCT_BUNDLE_IDENTIFIER = wwdc14.MVVMRExtensions;
				PRODUCT_NAME = "$(TARGET_NAME:c99extidentifier)";
				SKIP_INSTALL = YES;
				SWIFT_VERSION = 5.0;
				TARGETED_DEVICE_FAMILY = "1,2";
			};
			name = Debug;
		};
		04E09E6524A4F0320038AEAB /* Release */ = {
			isa = XCBuildConfiguration;
			buildSettings = {
				CODE_SIGN_STYLE = Automatic;
				DEFINES_MODULE = YES;
				DEVELOPMENT_TEAM = YNJLN87BST;
				DYLIB_COMPATIBILITY_VERSION = 1;
				DYLIB_CURRENT_VERSION = 1;
				DYLIB_INSTALL_NAME_BASE = "@rpath";
				INFOPLIST_FILE = MVVMRExtensions/Info.plist;
				INSTALL_PATH = "$(LOCAL_LIBRARY_DIR)/Frameworks";
				IPHONEOS_DEPLOYMENT_TARGET = 11.0;
				LD_RUNPATH_SEARCH_PATHS = (
					"$(inherited)",
					"@executable_path/Frameworks",
					"@loader_path/Frameworks",
				);
				PRODUCT_BUNDLE_IDENTIFIER = wwdc14.MVVMRExtensions;
				PRODUCT_NAME = "$(TARGET_NAME:c99extidentifier)";
				SKIP_INSTALL = YES;
				SWIFT_VERSION = 5.0;
				TARGETED_DEVICE_FAMILY = "1,2";
			};
			name = Release;
		};
/* End XCBuildConfiguration section */

/* Begin XCConfigurationList section */
		0443C51F24A9A7280032C97C /* Build configuration list for PBXNativeTarget "Examples" */ = {
			isa = XCConfigurationList;
			buildConfigurations = (
				0443C52024A9A7280032C97C /* Debug */,
				0443C52124A9A7280032C97C /* Release */,
			);
			defaultConfigurationIsVisible = 0;
			defaultConfigurationName = Release;
		};
		04E09E5524A4F0320038AEAB /* Build configuration list for PBXProject "MVVMRExtensions" */ = {
			isa = XCConfigurationList;
			buildConfigurations = (
				04E09E6124A4F0320038AEAB /* Debug */,
				04E09E6224A4F0320038AEAB /* Release */,
			);
			defaultConfigurationIsVisible = 0;
			defaultConfigurationName = Release;
		};
		04E09E6324A4F0320038AEAB /* Build configuration list for PBXNativeTarget "MVVMRExtensions" */ = {
			isa = XCConfigurationList;
			buildConfigurations = (
				04E09E6424A4F0320038AEAB /* Debug */,
				04E09E6524A4F0320038AEAB /* Release */,
			);
			defaultConfigurationIsVisible = 0;
			defaultConfigurationName = Release;
		};
/* End XCConfigurationList section */

/* Begin XCRemoteSwiftPackageReference section */
		041AF75924A8759500D15852 /* XCRemoteSwiftPackageReference "Moya" */ = {
			isa = XCRemoteSwiftPackageReference;
			repositoryURL = "https://github.com/Moya/Moya.git";
			requirement = {
				kind = upToNextMajorVersion;
				minimumVersion = 14.0.0;
			};
		};
		041AF75E24A8765E00D15852 /* XCRemoteSwiftPackageReference "SnapKit" */ = {
			isa = XCRemoteSwiftPackageReference;
			repositoryURL = "https://github.com/SnapKit/SnapKit.git";
			requirement = {
				kind = upToNextMajorVersion;
				minimumVersion = 5.0.1;
			};
		};
		041AF76124A876AB00D15852 /* XCRemoteSwiftPackageReference "MBProgressHUD" */ = {
			isa = XCRemoteSwiftPackageReference;
			repositoryURL = "https://github.com/jdg/MBProgressHUD.git";
			requirement = {
				kind = upToNextMajorVersion;
				minimumVersion = 1.2.0;
			};
		};
		041AF76424A8956000D15852 /* XCRemoteSwiftPackageReference "Kingfisher" */ = {
			isa = XCRemoteSwiftPackageReference;
			repositoryURL = "https://github.com/onevcat/Kingfisher.git";
			requirement = {
				kind = upToNextMajorVersion;
				minimumVersion = 5.14.0;
			};
		};
		041AF76724A89A9900D15852 /* XCRemoteSwiftPackageReference "SwiftyJSON" */ = {
			isa = XCRemoteSwiftPackageReference;
			repositoryURL = "https://github.com/SwiftyJSON/SwiftyJSON.git";
			requirement = {
				kind = upToNextMajorVersion;
				minimumVersion = 5.0.0;
			};
		};
		041AF76A24A89C7800D15852 /* XCRemoteSwiftPackageReference "URLNavigator" */ = {
			isa = XCRemoteSwiftPackageReference;
			repositoryURL = "https://github.com/devxoul/URLNavigator.git";
			requirement = {
				kind = upToNextMajorVersion;
				minimumVersion = 2.3.0;
			};
		};
		041AF76F24A89CD900D15852 /* XCRemoteSwiftPackageReference "SwiftyGif" */ = {
			isa = XCRemoteSwiftPackageReference;
			repositoryURL = "https://gitee.com/WWDC14/SwiftyGif";
			requirement = {
				kind = upToNextMajorVersion;
				minimumVersion = 5.3.0;
			};
		};
		041AF77724A89EC000D15852 /* XCRemoteSwiftPackageReference "RxSwift" */ = {
			isa = XCRemoteSwiftPackageReference;
			repositoryURL = "https://github.com/ReactiveX/RxSwift";
			requirement = {
				kind = upToNextMajorVersion;
				minimumVersion = 5.1.1;
			};
		};
/* End XCRemoteSwiftPackageReference section */

/* Begin XCSwiftPackageProductDependency section */
		041AF75A24A8759500D15852 /* Moya */ = {
			isa = XCSwiftPackageProductDependency;
			package = 041AF75924A8759500D15852 /* XCRemoteSwiftPackageReference "Moya" */;
			productName = Moya;
		};
		041AF75C24A8759500D15852 /* RxMoya */ = {
			isa = XCSwiftPackageProductDependency;
			package = 041AF75924A8759500D15852 /* XCRemoteSwiftPackageReference "Moya" */;
			productName = RxMoya;
		};
		041AF75F24A8765E00D15852 /* SnapKit */ = {
			isa = XCSwiftPackageProductDependency;
			package = 041AF75E24A8765E00D15852 /* XCRemoteSwiftPackageReference "SnapKit" */;
			productName = SnapKit;
		};
		041AF76224A876AB00D15852 /* MBProgressHUD */ = {
			isa = XCSwiftPackageProductDependency;
			package = 041AF76124A876AB00D15852 /* XCRemoteSwiftPackageReference "MBProgressHUD" */;
			productName = MBProgressHUD;
		};
		041AF76524A8956000D15852 /* Kingfisher */ = {
			isa = XCSwiftPackageProductDependency;
			package = 041AF76424A8956000D15852 /* XCRemoteSwiftPackageReference "Kingfisher" */;
			productName = Kingfisher;
		};
		041AF76824A89A9900D15852 /* SwiftyJSON */ = {
			isa = XCSwiftPackageProductDependency;
			package = 041AF76724A89A9900D15852 /* XCRemoteSwiftPackageReference "SwiftyJSON" */;
			productName = SwiftyJSON;
		};
		041AF76B24A89C7800D15852 /* URLNavigator */ = {
			isa = XCSwiftPackageProductDependency;
			package = 041AF76A24A89C7800D15852 /* XCRemoteSwiftPackageReference "URLNavigator" */;
			productName = URLNavigator;
		};
		041AF76D24A89C7800D15852 /* URLMatcher */ = {
			isa = XCSwiftPackageProductDependency;
			package = 041AF76A24A89C7800D15852 /* XCRemoteSwiftPackageReference "URLNavigator" */;
			productName = URLMatcher;
		};
		041AF77024A89CD900D15852 /* SwiftyGif */ = {
			isa = XCSwiftPackageProductDependency;
			package = 041AF76F24A89CD900D15852 /* XCRemoteSwiftPackageReference "SwiftyGif" */;
			productName = SwiftyGif;
		};
		041AF77824A89EC000D15852 /* RxSwift */ = {
			isa = XCSwiftPackageProductDependency;
			package = 041AF77724A89EC000D15852 /* XCRemoteSwiftPackageReference "RxSwift" */;
			productName = RxSwift;
		};
		041AF77A24A89EC000D15852 /* RxRelay */ = {
			isa = XCSwiftPackageProductDependency;
			package = 041AF77724A89EC000D15852 /* XCRemoteSwiftPackageReference "RxSwift" */;
			productName = RxRelay;
		};
		041AF77C24A89EC000D15852 /* RxCocoa */ = {
			isa = XCSwiftPackageProductDependency;
			package = 041AF77724A89EC000D15852 /* XCRemoteSwiftPackageReference "RxSwift" */;
			productName = RxCocoa;
		};
		041AF77E24A89EC000D15852 /* RxBlocking */ = {
			isa = XCSwiftPackageProductDependency;
			package = 041AF77724A89EC000D15852 /* XCRemoteSwiftPackageReference "RxSwift" */;
			productName = RxBlocking;
		};
/* End XCSwiftPackageProductDependency section */
	};
	rootObject = 04E09E5224A4F0320038AEAB /* Project object */;
}
